
Microsoft Visual Studio Solution File, Format Version 12.00
# Visual Studio Version 17
VisualStudioVersion = 17.11.35111.106
MinimumVisualStudioVersion = 10.0.40219.1
Project("{9A19103F-16F7-4668-BE54-9A1E7A4F7556}") = "TestProject1", "TestProject1\TestProject1.csproj", "{6994C35E-E92F-418C-B5C9-B437FF25A6A0}"
EndProject
Project("{9A19103F-16F7-4668-BE54-9A1E7A4F7556}") = "AutoWasmApiGenerator", "AutoWasmApiGenerator\AutoWasmApiGenerator.csproj", "{9C1A1324-0111-468F-9644-F80F72A66DC5}"
EndProject
Project("{9A19103F-16F7-4668-BE54-9A1E7A4F7556}") = "AutoInjectGenerator", "AutoInjectGenerator\AutoInjectGenerator.csproj", "{1CA123D0-5B2A-4BBD-A90E-B58E01A7B2CA}"
EndProject
Project("{9A19103F-16F7-4668-BE54-9A1E7A4F7556}") = "MT.Generators.Abstraction", "MT.Generators.Abstraction\MT.Generators.Abstraction.csproj", "{B37BF9C7-9A20-46D3-9854-A11121B83D2E}"
EndProject
Project("{2150E333-8FDC-42A3-9474-1A3956D46DE8}") = "AutoInject", "AutoInject", "{FD7A81EE-6E54-461B-8766-BB36EB5F31D8}"
EndProject
Project("{9A19103F-16F7-4668-BE54-9A1E7A4F7556}") = "AutoInject.Roslyn", "AutoInject.Roslyn\AutoInject.Roslyn.csproj", "{E48C1C4F-8111-4513-86EC-0C968E5437CD}"
EndProject
Project("{2150E333-8FDC-42A3-9474-1A3956D46DE8}") = "AutoWasm", "AutoWasm", "{0D1AD616-22D2-4D10-BD23-92040AFD90D5}"
EndProject
Project("{9A19103F-16F7-4668-BE54-9A1E7A4F7556}") = "AutoWasmApi.Roslyn", "AutoWasmApi.Roslyn\AutoWasmApi.Roslyn.csproj", "{625157FF-90BB-4950-9643-7BAEF5CEF6A8}"
EndProject
Project("{9A19103F-16F7-4668-BE54-9A1E7A4F7556}") = "Blazor.Test", "Blazor.Test\Blazor.Test\Blazor.Test.csproj", "{4A47713C-2332-40C1-9AAB-7B2A14D148A2}"
EndProject
Project("{9A19103F-16F7-4668-BE54-9A1E7A4F7556}") = "Blazor.Test.Client", "Blazor.Test\Blazor.Test.Client\Blazor.Test.Client.csproj", "{20CA19C8-3036-4D1B-B095-C59A4C76B8D0}"
EndProject
Project("{2150E333-8FDC-42A3-9474-1A3956D46DE8}") = "AutoAopProxy", "AutoAopProxy", "{FCEAEFA9-132B-4945-9E97-53612B8A5CBF}"
EndProject
Project("{9A19103F-16F7-4668-BE54-9A1E7A4F7556}") = "AutoAopProxyGenerator", "AutoAopProxyGenerator\AutoAopProxyGenerator.csproj", "{8638056F-E36D-4EBC-A4EA-A7AE22DDC161}"
EndProject
Project("{9A19103F-16F7-4668-BE54-9A1E7A4F7556}") = "AutoAopProxy.Roslyn", "AutoAopProxy.Roslyn\AutoAopProxy.Roslyn.csproj", "{BA595E23-BD3A-4B36-A094-06E5814FE5E9}"
EndProject
Project("{2150E333-8FDC-42A3-9474-1A3956D46DE8}") = "Test", "Test", "{47FB0C42-25F4-49C1-A98C-D6536116B894}"
EndProject
Project("{9A19103F-16F7-4668-BE54-9A1E7A4F7556}") = "InjectTest", "InjectTest\InjectTest.csproj", "{3E0A2B9F-6165-43B3-8C0F-2A9524C03E5D}"
EndProject
Project("{2150E333-8FDC-42A3-9474-1A3956D46DE8}") = "AutoGenMapper", "AutoGenMapper", "{B1852D0E-A185-491C-B81D-03D1AC5EF97C}"
EndProject
Project("{9A19103F-16F7-4668-BE54-9A1E7A4F7556}") = "AutoGenMapper.Roslyn", "AutoGenMapper.Roslyn\AutoGenMapper.Roslyn.csproj", "{26DD2068-DD76-4FF9-8FB6-8E354188F7F7}"
EndProject
Project("{9A19103F-16F7-4668-BE54-9A1E7A4F7556}") = "AutoGenMapperGenerator", "AutoGenMapperGenerator\AutoGenMapperGenerator.csproj", "{6FFF3104-CCD7-4916-A911-AEB9A5D35536}"
EndProject
Project("{2150E333-8FDC-42A3-9474-1A3956D46DE8}") = "Shared", "Shared", "{71D54FEF-E30B-4829-9EF2-C27DF766E235}"
EndProject
Project("{D954291E-2A0B-460D-934E-DC6B0785DB48}") = "Generators.Shared", "Shared\Generators.Shared\Generators.Shared.shproj", "{0C3325BB-C186-4E45-A567-69DAF5411E8B}"
EndProject
Project("{2150E333-8FDC-42A3-9474-1A3956D46DE8}") = "doc", "doc", "{02EA681E-C7D8-13C7-8484-4AC65E1B71E8}"
	ProjectSection(SolutionItems) = preProject
		..\doc\AopProxy版本日志.md = ..\doc\AopProxy版本日志.md
		..\doc\AutoInject版本日志.md = ..\doc\AutoInject版本日志.md
		..\doc\AutoPageState版本日志.md = ..\doc\AutoPageState版本日志.md
		..\doc\AutoWasm版本日志.md = ..\doc\AutoWasm版本日志.md
		..\doc\GenMapper版本日志.md = ..\doc\GenMapper版本日志.md
		..\.github\workflows\push_nuget.yml = ..\.github\workflows\push_nuget.yml
	EndProjectSection
EndProject
Project("{2150E333-8FDC-42A3-9474-1A3956D46DE8}") = "src", "src", "{115A2B1E-868D-4459-999B-411233152CD3}"
EndProject
Project("{2150E333-8FDC-42A3-9474-1A3956D46DE8}") = "AutoPageStateContainer", "AutoPageStateContainer", "{B83F7AC9-3860-4606-8AB3-3FD47A945E55}"
EndProject
Project("{FAE04EC0-301F-11D3-BF4B-00C04F79EFBC}") = "AutoPageStateContainerGenerator", "AutoPageStateContainerGenerator\AutoPageStateContainerGenerator.csproj", "{D07C8E12-510C-4D21-B1AF-819A42465377}"
EndProject
Project("{FAE04EC0-301F-11D3-BF4B-00C04F79EFBC}") = "AutoPageStateContainer.Roslyn", "AutoPageStateContainer.Roslyn\AutoPageStateContainer.Roslyn.csproj", "{C1046CBB-499B-448E-84B7-8B103311A224}"
EndProject
Project("{FAE04EC0-301F-11D3-BF4B-00C04F79EFBC}") = "AutoGenMapper.Test", "AutoGenMapper.Test\AutoGenMapper.Test.csproj", "{C935D657-62A3-4A05-9B9D-C302F077F7EC}"
EndProject
Global
	GlobalSection(SolutionConfigurationPlatforms) = preSolution
		Debug|Any CPU = Debug|Any CPU
		Release|Any CPU = Release|Any CPU
	EndGlobalSection
	GlobalSection(ProjectConfigurationPlatforms) = postSolution
		{6994C35E-E92F-418C-B5C9-B437FF25A6A0}.Debug|Any CPU.ActiveCfg = Debug|Any CPU
		{6994C35E-E92F-418C-B5C9-B437FF25A6A0}.Debug|Any CPU.Build.0 = Debug|Any CPU
		{6994C35E-E92F-418C-B5C9-B437FF25A6A0}.Release|Any CPU.ActiveCfg = Release|Any CPU
		{6994C35E-E92F-418C-B5C9-B437FF25A6A0}.Release|Any CPU.Build.0 = Release|Any CPU
		{9C1A1324-0111-468F-9644-F80F72A66DC5}.Debug|Any CPU.ActiveCfg = Debug|Any CPU
		{9C1A1324-0111-468F-9644-F80F72A66DC5}.Debug|Any CPU.Build.0 = Debug|Any CPU
		{9C1A1324-0111-468F-9644-F80F72A66DC5}.Release|Any CPU.ActiveCfg = Release|Any CPU
		{9C1A1324-0111-468F-9644-F80F72A66DC5}.Release|Any CPU.Build.0 = Release|Any CPU
		{1CA123D0-5B2A-4BBD-A90E-B58E01A7B2CA}.Debug|Any CPU.ActiveCfg = Debug|Any CPU
		{1CA123D0-5B2A-4BBD-A90E-B58E01A7B2CA}.Debug|Any CPU.Build.0 = Debug|Any CPU
		{1CA123D0-5B2A-4BBD-A90E-B58E01A7B2CA}.Release|Any CPU.ActiveCfg = Release|Any CPU
		{1CA123D0-5B2A-4BBD-A90E-B58E01A7B2CA}.Release|Any CPU.Build.0 = Release|Any CPU
		{B37BF9C7-9A20-46D3-9854-A11121B83D2E}.Debug|Any CPU.ActiveCfg = Debug|Any CPU
		{B37BF9C7-9A20-46D3-9854-A11121B83D2E}.Debug|Any CPU.Build.0 = Debug|Any CPU
		{B37BF9C7-9A20-46D3-9854-A11121B83D2E}.Release|Any CPU.ActiveCfg = Release|Any CPU
		{B37BF9C7-9A20-46D3-9854-A11121B83D2E}.Release|Any CPU.Build.0 = Release|Any CPU
		{E48C1C4F-8111-4513-86EC-0C968E5437CD}.Debug|Any CPU.ActiveCfg = Debug|Any CPU
		{E48C1C4F-8111-4513-86EC-0C968E5437CD}.Debug|Any CPU.Build.0 = Debug|Any CPU
		{E48C1C4F-8111-4513-86EC-0C968E5437CD}.Release|Any CPU.ActiveCfg = Release|Any CPU
		{E48C1C4F-8111-4513-86EC-0C968E5437CD}.Release|Any CPU.Build.0 = Release|Any CPU
		{625157FF-90BB-4950-9643-7BAEF5CEF6A8}.Debug|Any CPU.ActiveCfg = Debug|Any CPU
		{625157FF-90BB-4950-9643-7BAEF5CEF6A8}.Debug|Any CPU.Build.0 = Debug|Any CPU
		{625157FF-90BB-4950-9643-7BAEF5CEF6A8}.Release|Any CPU.ActiveCfg = Release|Any CPU
		{625157FF-90BB-4950-9643-7BAEF5CEF6A8}.Release|Any CPU.Build.0 = Release|Any CPU
		{4A47713C-2332-40C1-9AAB-7B2A14D148A2}.Debug|Any CPU.ActiveCfg = Debug|Any CPU
		{4A47713C-2332-40C1-9AAB-7B2A14D148A2}.Debug|Any CPU.Build.0 = Debug|Any CPU
		{4A47713C-2332-40C1-9AAB-7B2A14D148A2}.Release|Any CPU.ActiveCfg = Release|Any CPU
		{4A47713C-2332-40C1-9AAB-7B2A14D148A2}.Release|Any CPU.Build.0 = Release|Any CPU
		{20CA19C8-3036-4D1B-B095-C59A4C76B8D0}.Debug|Any CPU.ActiveCfg = Debug|Any CPU
		{20CA19C8-3036-4D1B-B095-C59A4C76B8D0}.Debug|Any CPU.Build.0 = Debug|Any CPU
		{20CA19C8-3036-4D1B-B095-C59A4C76B8D0}.Release|Any CPU.ActiveCfg = Release|Any CPU
		{20CA19C8-3036-4D1B-B095-C59A4C76B8D0}.Release|Any CPU.Build.0 = Release|Any CPU
		{8638056F-E36D-4EBC-A4EA-A7AE22DDC161}.Debug|Any CPU.ActiveCfg = Debug|Any CPU
		{8638056F-E36D-4EBC-A4EA-A7AE22DDC161}.Debug|Any CPU.Build.0 = Debug|Any CPU
		{8638056F-E36D-4EBC-A4EA-A7AE22DDC161}.Release|Any CPU.ActiveCfg = Release|Any CPU
		{8638056F-E36D-4EBC-A4EA-A7AE22DDC161}.Release|Any CPU.Build.0 = Release|Any CPU
		{BA595E23-BD3A-4B36-A094-06E5814FE5E9}.Debug|Any CPU.ActiveCfg = Debug|Any CPU
		{BA595E23-BD3A-4B36-A094-06E5814FE5E9}.Debug|Any CPU.Build.0 = Debug|Any CPU
		{BA595E23-BD3A-4B36-A094-06E5814FE5E9}.Release|Any CPU.ActiveCfg = Release|Any CPU
		{BA595E23-BD3A-4B36-A094-06E5814FE5E9}.Release|Any CPU.Build.0 = Release|Any CPU
		{3E0A2B9F-6165-43B3-8C0F-2A9524C03E5D}.Debug|Any CPU.ActiveCfg = Debug|Any CPU
		{3E0A2B9F-6165-43B3-8C0F-2A9524C03E5D}.Debug|Any CPU.Build.0 = Debug|Any CPU
		{3E0A2B9F-6165-43B3-8C0F-2A9524C03E5D}.Release|Any CPU.ActiveCfg = Release|Any CPU
		{3E0A2B9F-6165-43B3-8C0F-2A9524C03E5D}.Release|Any CPU.Build.0 = Release|Any CPU
		{26DD2068-DD76-4FF9-8FB6-8E354188F7F7}.Debug|Any CPU.ActiveCfg = Debug|Any CPU
		{26DD2068-DD76-4FF9-8FB6-8E354188F7F7}.Debug|Any CPU.Build.0 = Debug|Any CPU
		{26DD2068-DD76-4FF9-8FB6-8E354188F7F7}.Release|Any CPU.ActiveCfg = Release|Any CPU
		{26DD2068-DD76-4FF9-8FB6-8E354188F7F7}.Release|Any CPU.Build.0 = Release|Any CPU
		{6FFF3104-CCD7-4916-A911-AEB9A5D35536}.Debug|Any CPU.ActiveCfg = Debug|Any CPU
		{6FFF3104-CCD7-4916-A911-AEB9A5D35536}.Debug|Any CPU.Build.0 = Debug|Any CPU
		{6FFF3104-CCD7-4916-A911-AEB9A5D35536}.Release|Any CPU.ActiveCfg = Release|Any CPU
		{6FFF3104-CCD7-4916-A911-AEB9A5D35536}.Release|Any CPU.Build.0 = Release|Any CPU
		{D07C8E12-510C-4D21-B1AF-819A42465377}.Debug|Any CPU.ActiveCfg = Debug|Any CPU
		{D07C8E12-510C-4D21-B1AF-819A42465377}.Debug|Any CPU.Build.0 = Debug|Any CPU
		{D07C8E12-510C-4D21-B1AF-819A42465377}.Release|Any CPU.ActiveCfg = Release|Any CPU
		{D07C8E12-510C-4D21-B1AF-819A42465377}.Release|Any CPU.Build.0 = Release|Any CPU
		{C1046CBB-499B-448E-84B7-8B103311A224}.Debug|Any CPU.ActiveCfg = Debug|Any CPU
		{C1046CBB-499B-448E-84B7-8B103311A224}.Debug|Any CPU.Build.0 = Debug|Any CPU
		{C1046CBB-499B-448E-84B7-8B103311A224}.Release|Any CPU.ActiveCfg = Release|Any CPU
		{C1046CBB-499B-448E-84B7-8B103311A224}.Release|Any CPU.Build.0 = Release|Any CPU
		{C935D657-62A3-4A05-9B9D-C302F077F7EC}.Debug|Any CPU.ActiveCfg = Debug|Any CPU
		{C935D657-62A3-4A05-9B9D-C302F077F7EC}.Debug|Any CPU.Build.0 = Debug|Any CPU
		{C935D657-62A3-4A05-9B9D-C302F077F7EC}.Release|Any CPU.ActiveCfg = Release|Any CPU
		{C935D657-62A3-4A05-9B9D-C302F077F7EC}.Release|Any CPU.Build.0 = Release|Any CPU
	EndGlobalSection
	GlobalSection(SolutionProperties) = preSolution
		HideSolutionNode = FALSE
	EndGlobalSection
	GlobalSection(NestedProjects) = preSolution
		{6994C35E-E92F-418C-B5C9-B437FF25A6A0} = {47FB0C42-25F4-49C1-A98C-D6536116B894}
		{9C1A1324-0111-468F-9644-F80F72A66DC5} = {0D1AD616-22D2-4D10-BD23-92040AFD90D5}
		{1CA123D0-5B2A-4BBD-A90E-B58E01A7B2CA} = {FD7A81EE-6E54-461B-8766-BB36EB5F31D8}
		{B37BF9C7-9A20-46D3-9854-A11121B83D2E} = {115A2B1E-868D-4459-999B-411233152CD3}
		{FD7A81EE-6E54-461B-8766-BB36EB5F31D8} = {115A2B1E-868D-4459-999B-411233152CD3}
		{E48C1C4F-8111-4513-86EC-0C968E5437CD} = {FD7A81EE-6E54-461B-8766-BB36EB5F31D8}
		{0D1AD616-22D2-4D10-BD23-92040AFD90D5} = {115A2B1E-868D-4459-999B-411233152CD3}
		{625157FF-90BB-4950-9643-7BAEF5CEF6A8} = {0D1AD616-22D2-4D10-BD23-92040AFD90D5}
		{4A47713C-2332-40C1-9AAB-7B2A14D148A2} = {47FB0C42-25F4-49C1-A98C-D6536116B894}
		{20CA19C8-3036-4D1B-B095-C59A4C76B8D0} = {47FB0C42-25F4-49C1-A98C-D6536116B894}
		{FCEAEFA9-132B-4945-9E97-53612B8A5CBF} = {115A2B1E-868D-4459-999B-411233152CD3}
		{8638056F-E36D-4EBC-A4EA-A7AE22DDC161} = {FCEAEFA9-132B-4945-9E97-53612B8A5CBF}
		{BA595E23-BD3A-4B36-A094-06E5814FE5E9} = {FCEAEFA9-132B-4945-9E97-53612B8A5CBF}
		{3E0A2B9F-6165-43B3-8C0F-2A9524C03E5D} = {47FB0C42-25F4-49C1-A98C-D6536116B894}
		{B1852D0E-A185-491C-B81D-03D1AC5EF97C} = {115A2B1E-868D-4459-999B-411233152CD3}
		{26DD2068-DD76-4FF9-8FB6-8E354188F7F7} = {B1852D0E-A185-491C-B81D-03D1AC5EF97C}
		{6FFF3104-CCD7-4916-A911-AEB9A5D35536} = {B1852D0E-A185-491C-B81D-03D1AC5EF97C}
		{71D54FEF-E30B-4829-9EF2-C27DF766E235} = {115A2B1E-868D-4459-999B-411233152CD3}
		{0C3325BB-C186-4E45-A567-69DAF5411E8B} = {71D54FEF-E30B-4829-9EF2-C27DF766E235}
		{B83F7AC9-3860-4606-8AB3-3FD47A945E55} = {115A2B1E-868D-4459-999B-411233152CD3}
		{D07C8E12-510C-4D21-B1AF-819A42465377} = {B83F7AC9-3860-4606-8AB3-3FD47A945E55}
		{C1046CBB-499B-448E-84B7-8B103311A224} = {B83F7AC9-3860-4606-8AB3-3FD47A945E55}
		{C935D657-62A3-4A05-9B9D-C302F077F7EC} = {47FB0C42-25F4-49C1-A98C-D6536116B894}
	EndGlobalSection
	GlobalSection(ExtensibilityGlobals) = postSolution
		SolutionGuid = {E16846FC-C2B2-43ED-A534-5726B5C9DDEE}
	EndGlobalSection
	GlobalSection(SharedMSBuildProjectFiles) = preSolution
		Shared\Generators.Shared\Generators.Shared.projitems*{0c3325bb-c186-4e45-a567-69daf5411e8b}*SharedItemsImports = 13
		Shared\Generators.Shared\Generators.Shared.projitems*{26dd2068-dd76-4ff9-8fb6-8e354188f7f7}*SharedItemsImports = 5
		Shared\Generators.Shared\Generators.Shared.projitems*{625157ff-90bb-4950-9643-7baef5cef6a8}*SharedItemsImports = 5
		Shared\Generators.Shared\Generators.Shared.projitems*{ba595e23-bd3a-4b36-a094-06e5814fe5e9}*SharedItemsImports = 5
		Shared\Generators.Shared\Generators.Shared.projitems*{c1046cbb-499b-448e-84b7-8b103311a224}*SharedItemsImports = 5
		Shared\Generators.Shared\Generators.Shared.projitems*{e48c1c4f-8111-4513-86ec-0c968e5437cd}*SharedItemsImports = 5
	EndGlobalSection
EndGlobal
